// !$*UTF8*$!
{
	archiveVersion = 1;
	classes = {
	};
	objectVersion = 51;
	objects = {

/* Begin PBXBuildFile section */
		0C0B5FBCB8CFC19E12BCFA17 /* Pods_DentalAssessment.framework in Frameworks */ = {isa = PBXBuildFile; fileRef = EA845952C593ADDCF8E7B478 /* Pods_DentalAssessment.framework */; };
		3F0725082361C68500699D59 /* CaseSheetViewController.swift in Sources */ = {isa = PBXBuildFile; fileRef = 3F0725072361C68500699D59 /* CaseSheetViewController.swift */; };
		3F1A6FDB2348B3FC0029B93D /* GoogleService-Info.plist in Resources */ = {isa = PBXBuildFile; fileRef = 3F1A6FDA2348B3FC0029B93D /* GoogleService-Info.plist */; };
		3F2B085823435AAB004B484C /* AppDelegate.swift in Sources */ = {isa = PBXBuildFile; fileRef = 3F2B085723435AAB004B484C /* AppDelegate.swift */; };
		3F2B085A23435AAB004B484C /* ViewController.swift in Sources */ = {isa = PBXBuildFile; fileRef = 3F2B085923435AAB004B484C /* ViewController.swift */; };
		3F2B085D23435AAB004B484C /* Main.storyboard in Resources */ = {isa = PBXBuildFile; fileRef = 3F2B085B23435AAB004B484C /* Main.storyboard */; };
		3F2B085F23435AAC004B484C /* Assets.xcassets in Resources */ = {isa = PBXBuildFile; fileRef = 3F2B085E23435AAC004B484C /* Assets.xcassets */; };
		3F2B086223435AAC004B484C /* LaunchScreen.storyboard in Resources */ = {isa = PBXBuildFile; fileRef = 3F2B086023435AAC004B484C /* LaunchScreen.storyboard */; };
		3FB3EA94234C810800CE1215 /* Patient.swift in Sources */ = {isa = PBXBuildFile; fileRef = 3FB3EA93234C810800CE1215 /* Patient.swift */; };
		3FB3EA96234C8BD000CE1215 /* PatientAppointment.swift in Sources */ = {isa = PBXBuildFile; fileRef = 3FB3EA95234C8BD000CE1215 /* PatientAppointment.swift */; };
		3FB3EA98234C902A00CE1215 /* CaseSheet.swift in Sources */ = {isa = PBXBuildFile; fileRef = 3FB3EA97234C902A00CE1215 /* CaseSheet.swift */; };
		3FB3EA9A234C9D0300CE1215 /* PersonalHistory.swift in Sources */ = {isa = PBXBuildFile; fileRef = 3FB3EA99234C9D0300CE1215 /* PersonalHistory.swift */; };
		3FB3EA9C234C9DB500CE1215 /* GeneralExamination.swift in Sources */ = {isa = PBXBuildFile; fileRef = 3FB3EA9B234C9DB500CE1215 /* GeneralExamination.swift */; };
		3FB3EA9E234C9E2500CE1215 /* ExtraoralExamination.swift in Sources */ = {isa = PBXBuildFile; fileRef = 3FB3EA9D234C9E2500CE1215 /* ExtraoralExamination.swift */; };
		3FB3EAA0234C9ECF00CE1215 /* IntraoralExamination.swift in Sources */ = {isa = PBXBuildFile; fileRef = 3FB3EA9F234C9ECF00CE1215 /* IntraoralExamination.swift */; };
		3FB3EAA2234C9F1000CE1215 /* SoftTissueExamination.swift in Sources */ = {isa = PBXBuildFile; fileRef = 3FB3EAA1234C9F1000CE1215 /* SoftTissueExamination.swift */; };
		3FB3EAA4234C9FBE00CE1215 /* GingivaExamination.swift in Sources */ = {isa = PBXBuildFile; fileRef = 3FB3EAA3234C9FBE00CE1215 /* GingivaExamination.swift */; };
		3FB3EAA8234CA1C100CE1215 /* HardTissueExamination.swift in Sources */ = {isa = PBXBuildFile; fileRef = 3FB3EAA7234CA1C100CE1215 /* HardTissueExamination.swift */; };
		3FB3EAAA234CA4A400CE1215 /* Doctor.swift in Sources */ = {isa = PBXBuildFile; fileRef = 3FB3EAA9234CA4A400CE1215 /* Doctor.swift */; };
		3FB85BE5235F0DF500EC06E7 /* Appointments.storyboard in Resources */ = {isa = PBXBuildFile; fileRef = 3FB85BE4235F0DF500EC06E7 /* Appointments.storyboard */; };
		3FB85BE7235F0E3500EC06E7 /* Prescriptions.storyboard in Resources */ = {isa = PBXBuildFile; fileRef = 3FB85BE6235F0E3500EC06E7 /* Prescriptions.storyboard */; };
		3FB85BE9235F0E9400EC06E7 /* PatientDashboard.storyboard in Resources */ = {isa = PBXBuildFile; fileRef = 3FB85BE8235F0E9400EC06E7 /* PatientDashboard.storyboard */; };
		3FB85BEB235F107900EC06E7 /* HospitalDashboard.storyboard in Resources */ = {isa = PBXBuildFile; fileRef = 3FB85BEA235F107900EC06E7 /* HospitalDashboard.storyboard */; };
		3FB85BED235F119F00EC06E7 /* DepartmentOnePage.storyboard in Resources */ = {isa = PBXBuildFile; fileRef = 3FB85BEC235F119F00EC06E7 /* DepartmentOnePage.storyboard */; };
		3FB85BEF235F146800EC06E7 /* IncomingPatients.storyboard in Resources */ = {isa = PBXBuildFile; fileRef = 3FB85BEE235F146800EC06E7 /* IncomingPatients.storyboard */; };
		3FB85BF1235F1A1900EC06E7 /* PatientRegistration.storyboard in Resources */ = {isa = PBXBuildFile; fileRef = 3FB85BF0235F1A1900EC06E7 /* PatientRegistration.storyboard */; };
		3FB85BF3235F1BA700EC06E7 /* DoctorRegistration.storyboard in Resources */ = {isa = PBXBuildFile; fileRef = 3FB85BF2235F1BA700EC06E7 /* DoctorRegistration.storyboard */; };
		3FB85BF5235F1E4400EC06E7 /* PatientAssessment.storyboard in Resources */ = {isa = PBXBuildFile; fileRef = 3FB85BF4235F1E4400EC06E7 /* PatientAssessment.storyboard */; };
		3FB85BF7235F1F2F00EC06E7 /* ReferPatient.storyboard in Resources */ = {isa = PBXBuildFile; fileRef = 3FB85BF6235F1F2F00EC06E7 /* ReferPatient.storyboard */; };
		3FB85BF9235F201900EC06E7 /* CaseSheet.storyboard in Resources */ = {isa = PBXBuildFile; fileRef = 3FB85BF8235F201900EC06E7 /* CaseSheet.storyboard */; };
		3FB85BFB235F216600EC06E7 /* Treatments.storyboard in Resources */ = {isa = PBXBuildFile; fileRef = 3FB85BFA235F216600EC06E7 /* Treatments.storyboard */; };
		3FCA12CF235F3EB5000AACA0 /* DocumentSerializable.swift in Sources */ = {isa = PBXBuildFile; fileRef = 3FCA12CE235F3EB5000AACA0 /* DocumentSerializable.swift */; };
		E9836E28234CC7E4004F4523 /* WelcomeViewController.swift in Sources */ = {isa = PBXBuildFile; fileRef = E9836E27234CC7E4004F4523 /* WelcomeViewController.swift */; };
		E9836E2A234CC83A004F4523 /* DashboardViewController.swift in Sources */ = {isa = PBXBuildFile; fileRef = E9836E29234CC83A004F4523 /* DashboardViewController.swift */; };
		E9836E302351D062004F4523 /* PatientAppointmentViewController.swift in Sources */ = {isa = PBXBuildFile; fileRef = E9836E2F2351D062004F4523 /* PatientAppointmentViewController.swift */; };
		E9836E322355C655004F4523 /* PatientHistoryViewController.swift in Sources */ = {isa = PBXBuildFile; fileRef = E9836E312355C655004F4523 /* PatientHistoryViewController.swift */; };
		E9836E342355D1A3004F4523 /* BasicDetailsViewController.swift in Sources */ = {isa = PBXBuildFile; fileRef = E9836E332355D1A3004F4523 /* BasicDetailsViewController.swift */; };
		E994C9D52361DDED0037381F /* ReferPatientViewController.swift in Sources */ = {isa = PBXBuildFile; fileRef = E994C9D42361DDED0037381F /* ReferPatientViewController.swift */; };
/* End PBXBuildFile section */

/* Begin PBXFileReference section */
		3F0725072361C68500699D59 /* CaseSheetViewController.swift */ = {isa = PBXFileReference; lastKnownFileType = sourcecode.swift; path = CaseSheetViewController.swift; sourceTree = "<group>"; };
		3F1A6FDA2348B3FC0029B93D /* GoogleService-Info.plist */ = {isa = PBXFileReference; fileEncoding = 4; lastKnownFileType = text.plist.xml; path = "GoogleService-Info.plist"; sourceTree = "<group>"; };
		3F2B085423435AAA004B484C /* DentalAssessment.app */ = {isa = PBXFileReference; explicitFileType = wrapper.application; includeInIndex = 0; path = DentalAssessment.app; sourceTree = BUILT_PRODUCTS_DIR; };
		3F2B085723435AAB004B484C /* AppDelegate.swift */ = {isa = PBXFileReference; lastKnownFileType = sourcecode.swift; path = AppDelegate.swift; sourceTree = "<group>"; };
		3F2B085923435AAB004B484C /* ViewController.swift */ = {isa = PBXFileReference; lastKnownFileType = sourcecode.swift; path = ViewController.swift; sourceTree = "<group>"; };
		3F2B085C23435AAB004B484C /* Base */ = {isa = PBXFileReference; lastKnownFileType = file.storyboard; name = Base; path = Base.lproj/Main.storyboard; sourceTree = "<group>"; };
		3F2B085E23435AAC004B484C /* Assets.xcassets */ = {isa = PBXFileReference; lastKnownFileType = folder.assetcatalog; path = Assets.xcassets; sourceTree = "<group>"; };
		3F2B086123435AAC004B484C /* Base */ = {isa = PBXFileReference; lastKnownFileType = file.storyboard; name = Base; path = Base.lproj/LaunchScreen.storyboard; sourceTree = "<group>"; };
		3F2B086323435AAC004B484C /* Info.plist */ = {isa = PBXFileReference; lastKnownFileType = text.plist.xml; path = Info.plist; sourceTree = "<group>"; };
		3FB3EA93234C810800CE1215 /* Patient.swift */ = {isa = PBXFileReference; lastKnownFileType = sourcecode.swift; path = Patient.swift; sourceTree = "<group>"; };
		3FB3EA95234C8BD000CE1215 /* PatientAppointment.swift */ = {isa = PBXFileReference; lastKnownFileType = sourcecode.swift; path = PatientAppointment.swift; sourceTree = "<group>"; };
		3FB3EA97234C902A00CE1215 /* CaseSheet.swift */ = {isa = PBXFileReference; lastKnownFileType = sourcecode.swift; path = CaseSheet.swift; sourceTree = "<group>"; };
		3FB3EA99234C9D0300CE1215 /* PersonalHistory.swift */ = {isa = PBXFileReference; lastKnownFileType = sourcecode.swift; path = PersonalHistory.swift; sourceTree = "<group>"; };
		3FB3EA9B234C9DB500CE1215 /* GeneralExamination.swift */ = {isa = PBXFileReference; lastKnownFileType = sourcecode.swift; path = GeneralExamination.swift; sourceTree = "<group>"; };
		3FB3EA9D234C9E2500CE1215 /* ExtraoralExamination.swift */ = {isa = PBXFileReference; lastKnownFileType = sourcecode.swift; path = ExtraoralExamination.swift; sourceTree = "<group>"; };
		3FB3EA9F234C9ECF00CE1215 /* IntraoralExamination.swift */ = {isa = PBXFileReference; lastKnownFileType = sourcecode.swift; path = IntraoralExamination.swift; sourceTree = "<group>"; };
		3FB3EAA1234C9F1000CE1215 /* SoftTissueExamination.swift */ = {isa = PBXFileReference; lastKnownFileType = sourcecode.swift; path = SoftTissueExamination.swift; sourceTree = "<group>"; };
		3FB3EAA3234C9FBE00CE1215 /* GingivaExamination.swift */ = {isa = PBXFileReference; lastKnownFileType = sourcecode.swift; path = GingivaExamination.swift; sourceTree = "<group>"; };
		3FB3EAA7234CA1C100CE1215 /* HardTissueExamination.swift */ = {isa = PBXFileReference; lastKnownFileType = sourcecode.swift; path = HardTissueExamination.swift; sourceTree = "<group>"; };
		3FB3EAA9234CA4A400CE1215 /* Doctor.swift */ = {isa = PBXFileReference; lastKnownFileType = sourcecode.swift; path = Doctor.swift; sourceTree = "<group>"; };
		3FB85BE4235F0DF500EC06E7 /* Appointments.storyboard */ = {isa = PBXFileReference; fileEncoding = 4; lastKnownFileType = file.storyboard; path = Appointments.storyboard; sourceTree = "<group>"; };
		3FB85BE6235F0E3500EC06E7 /* Prescriptions.storyboard */ = {isa = PBXFileReference; fileEncoding = 4; lastKnownFileType = file.storyboard; path = Prescriptions.storyboard; sourceTree = "<group>"; };
		3FB85BE8235F0E9400EC06E7 /* PatientDashboard.storyboard */ = {isa = PBXFileReference; fileEncoding = 4; lastKnownFileType = file.storyboard; path = PatientDashboard.storyboard; sourceTree = "<group>"; };
		3FB85BEA235F107900EC06E7 /* HospitalDashboard.storyboard */ = {isa = PBXFileReference; fileEncoding = 4; lastKnownFileType = file.storyboard; path = HospitalDashboard.storyboard; sourceTree = "<group>"; };
		3FB85BEC235F119F00EC06E7 /* DepartmentOnePage.storyboard */ = {isa = PBXFileReference; fileEncoding = 4; lastKnownFileType = file.storyboard; path = DepartmentOnePage.storyboard; sourceTree = "<group>"; };
		3FB85BEE235F146800EC06E7 /* IncomingPatients.storyboard */ = {isa = PBXFileReference; fileEncoding = 4; lastKnownFileType = file.storyboard; path = IncomingPatients.storyboard; sourceTree = "<group>"; };
		3FB85BF0235F1A1900EC06E7 /* PatientRegistration.storyboard */ = {isa = PBXFileReference; fileEncoding = 4; lastKnownFileType = file.storyboard; path = PatientRegistration.storyboard; sourceTree = "<group>"; };
		3FB85BF2235F1BA700EC06E7 /* DoctorRegistration.storyboard */ = {isa = PBXFileReference; fileEncoding = 4; lastKnownFileType = file.storyboard; path = DoctorRegistration.storyboard; sourceTree = "<group>"; };
		3FB85BF4235F1E4400EC06E7 /* PatientAssessment.storyboard */ = {isa = PBXFileReference; fileEncoding = 4; lastKnownFileType = file.storyboard; path = PatientAssessment.storyboard; sourceTree = "<group>"; };
		3FB85BF6235F1F2F00EC06E7 /* ReferPatient.storyboard */ = {isa = PBXFileReference; fileEncoding = 4; lastKnownFileType = file.storyboard; path = ReferPatient.storyboard; sourceTree = "<group>"; };
		3FB85BF8235F201900EC06E7 /* CaseSheet.storyboard */ = {isa = PBXFileReference; fileEncoding = 4; lastKnownFileType = file.storyboard; path = CaseSheet.storyboard; sourceTree = "<group>"; };
		3FB85BFA235F216600EC06E7 /* Treatments.storyboard */ = {isa = PBXFileReference; fileEncoding = 4; lastKnownFileType = file.storyboard; path = Treatments.storyboard; sourceTree = "<group>"; };
		3FCA12CE235F3EB5000AACA0 /* DocumentSerializable.swift */ = {isa = PBXFileReference; lastKnownFileType = sourcecode.swift; path = DocumentSerializable.swift; sourceTree = "<group>"; };
		C7027E104CFF31494D333DF3 /* Pods-DentalAssessment.release.xcconfig */ = {isa = PBXFileReference; includeInIndex = 1; lastKnownFileType = text.xcconfig; name = "Pods-DentalAssessment.release.xcconfig"; path = "Target Support Files/Pods-DentalAssessment/Pods-DentalAssessment.release.xcconfig"; sourceTree = "<group>"; };
		D9B95394EB6FCDEE609DA7DD /* Pods-DentalAssessment.debug.xcconfig */ = {isa = PBXFileReference; includeInIndex = 1; lastKnownFileType = text.xcconfig; name = "Pods-DentalAssessment.debug.xcconfig"; path = "Target Support Files/Pods-DentalAssessment/Pods-DentalAssessment.debug.xcconfig"; sourceTree = "<group>"; };
		E9836E27234CC7E4004F4523 /* WelcomeViewController.swift */ = {isa = PBXFileReference; lastKnownFileType = sourcecode.swift; path = WelcomeViewController.swift; sourceTree = "<group>"; };
		E9836E29234CC83A004F4523 /* DashboardViewController.swift */ = {isa = PBXFileReference; lastKnownFileType = sourcecode.swift; path = DashboardViewController.swift; sourceTree = "<group>"; };
		E9836E2F2351D062004F4523 /* PatientAppointmentViewController.swift */ = {isa = PBXFileReference; lastKnownFileType = sourcecode.swift; path = PatientAppointmentViewController.swift; sourceTree = "<group>"; };
		E9836E312355C655004F4523 /* PatientHistoryViewController.swift */ = {isa = PBXFileReference; lastKnownFileType = sourcecode.swift; path = PatientHistoryViewController.swift; sourceTree = "<group>"; };
		E9836E332355D1A3004F4523 /* BasicDetailsViewController.swift */ = {isa = PBXFileReference; lastKnownFileType = sourcecode.swift; path = BasicDetailsViewController.swift; sourceTree = "<group>"; };
		E994C9D42361DDED0037381F /* ReferPatientViewController.swift */ = {isa = PBXFileReference; lastKnownFileType = sourcecode.swift; path = ReferPatientViewController.swift; sourceTree = "<group>"; };
		EA845952C593ADDCF8E7B478 /* Pods_DentalAssessment.framework */ = {isa = PBXFileReference; explicitFileType = wrapper.framework; includeInIndex = 0; path = Pods_DentalAssessment.framework; sourceTree = BUILT_PRODUCTS_DIR; };
/* End PBXFileReference section */

/* Begin PBXFrameworksBuildPhase section */
		3F2B085123435AAA004B484C /* Frameworks */ = {
			isa = PBXFrameworksBuildPhase;
			buildActionMask = 2147483647;
			files = (
				0C0B5FBCB8CFC19E12BCFA17 /* Pods_DentalAssessment.framework in Frameworks */,
			);
			runOnlyForDeploymentPostprocessing = 0;
		};
/* End PBXFrameworksBuildPhase section */

/* Begin PBXGroup section */
		127D77A25C3855D56EE5DC1B /* Frameworks */ = {
			isa = PBXGroup;
			children = (
				EA845952C593ADDCF8E7B478 /* Pods_DentalAssessment.framework */,
			);
			name = Frameworks;
			sourceTree = "<group>";
		};
		3F2B084B23435AAA004B484C = {
			isa = PBXGroup;
			children = (
				3F2B085623435AAA004B484C /* DentalAssessment */,
				3F2B085523435AAA004B484C /* Products */,
				90C58536535C3B12C8315D2B /* Pods */,
				127D77A25C3855D56EE5DC1B /* Frameworks */,
			);
			sourceTree = "<group>";
		};
		3F2B085523435AAA004B484C /* Products */ = {
			isa = PBXGroup;
			children = (
				3F2B085423435AAA004B484C /* DentalAssessment.app */,
			);
			name = Products;
			sourceTree = "<group>";
		};
		3F2B085623435AAA004B484C /* DentalAssessment */ = {
			isa = PBXGroup;
			children = (
				3FCA12D1235F3FBD000AACA0 /* Models */,
				3FCA12D0235F3F87000AACA0 /* Storyboards */,
				3F2B085723435AAB004B484C /* AppDelegate.swift */,
				3F2B085923435AAB004B484C /* ViewController.swift */,
				3F0725072361C68500699D59 /* CaseSheetViewController.swift */,
				E9836E27234CC7E4004F4523 /* WelcomeViewController.swift */,
				E9836E29234CC83A004F4523 /* DashboardViewController.swift */,
				E9836E2F2351D062004F4523 /* PatientAppointmentViewController.swift */,
				E994C9D42361DDED0037381F /* ReferPatientViewController.swift */,
				E9836E312355C655004F4523 /* PatientHistoryViewController.swift */,
				E9836E332355D1A3004F4523 /* BasicDetailsViewController.swift */,
				3F2B085E23435AAC004B484C /* Assets.xcassets */,
				3F2B086023435AAC004B484C /* LaunchScreen.storyboard */,
				3F2B086323435AAC004B484C /* Info.plist */,
				3F1A6FDA2348B3FC0029B93D /* GoogleService-Info.plist */,
				3FCA12CE235F3EB5000AACA0 /* DocumentSerializable.swift */,
			);
			path = DentalAssessment;
			sourceTree = "<group>";
		};
		3FCA12D0235F3F87000AACA0 /* Storyboards */ = {
			isa = PBXGroup;
			children = (
				3FB85BFA235F216600EC06E7 /* Treatments.storyboard */,
				3FB85BF8235F201900EC06E7 /* CaseSheet.storyboard */,
				3FB85BF6235F1F2F00EC06E7 /* ReferPatient.storyboard */,
				3FB85BF4235F1E4400EC06E7 /* PatientAssessment.storyboard */,
				3FB85BF2235F1BA700EC06E7 /* DoctorRegistration.storyboard */,
				3FB85BF0235F1A1900EC06E7 /* PatientRegistration.storyboard */,
				3FB85BEE235F146800EC06E7 /* IncomingPatients.storyboard */,
				3FB85BEC235F119F00EC06E7 /* DepartmentOnePage.storyboard */,
				3FB85BEA235F107900EC06E7 /* HospitalDashboard.storyboard */,
				3FB85BE8235F0E9400EC06E7 /* PatientDashboard.storyboard */,
				3FB85BE6235F0E3500EC06E7 /* Prescriptions.storyboard */,
				3FB85BE4235F0DF500EC06E7 /* Appointments.storyboard */,
				3F2B085B23435AAB004B484C /* Main.storyboard */,
			);
			path = Storyboards;
			sourceTree = "<group>";
		};
		3FCA12D1235F3FBD000AACA0 /* Models */ = {
			isa = PBXGroup;
			children = (
				3FB3EA95234C8BD000CE1215 /* PatientAppointment.swift */,
				3FB3EA93234C810800CE1215 /* Patient.swift */,
				3FB3EA97234C902A00CE1215 /* CaseSheet.swift */,
				3FB3EAA9234CA4A400CE1215 /* Doctor.swift */,
				3FB3EA99234C9D0300CE1215 /* PersonalHistory.swift */,
				3FB3EA9B234C9DB500CE1215 /* GeneralExamination.swift */,
				3FB3EA9D234C9E2500CE1215 /* ExtraoralExamination.swift */,
				3FB3EA9F234C9ECF00CE1215 /* IntraoralExamination.swift */,
				3FB3EAA7234CA1C100CE1215 /* HardTissueExamination.swift */,
				3FB3EAA1234C9F1000CE1215 /* SoftTissueExamination.swift */,
				3FB3EAA3234C9FBE00CE1215 /* GingivaExamination.swift */,
			);
			path = Models;
			sourceTree = "<group>";
		};
		90C58536535C3B12C8315D2B /* Pods */ = {
			isa = PBXGroup;
			children = (
				D9B95394EB6FCDEE609DA7DD /* Pods-DentalAssessment.debug.xcconfig */,
				C7027E104CFF31494D333DF3 /* Pods-DentalAssessment.release.xcconfig */,
			);
			path = Pods;
			sourceTree = "<group>";
		};
/* End PBXGroup section */

/* Begin PBXNativeTarget section */
		3F2B085323435AAA004B484C /* DentalAssessment */ = {
			isa = PBXNativeTarget;
			buildConfigurationList = 3F2B086623435AAC004B484C /* Build configuration list for PBXNativeTarget "DentalAssessment" */;
			buildPhases = (
				01D9D8318A3EB2E151CD5422 /* [CP] Check Pods Manifest.lock */,
				3F2B085023435AAA004B484C /* Sources */,
				3F2B085123435AAA004B484C /* Frameworks */,
				3F2B085223435AAA004B484C /* Resources */,
				0B8EA5091B75EDE7BD985634 /* [CP] Embed Pods Frameworks */,
			);
			buildRules = (
			);
			dependencies = (
			);
			name = DentalAssessment;
			productName = DentalAssessment;
			productReference = 3F2B085423435AAA004B484C /* DentalAssessment.app */;
			productType = "com.apple.product-type.application";
		};
/* End PBXNativeTarget section */

/* Begin PBXProject section */
		3F2B084C23435AAA004B484C /* Project object */ = {
			isa = PBXProject;
			attributes = {
				LastSwiftUpdateCheck = 1030;
				LastUpgradeCheck = 1030;
				ORGANIZATIONNAME = student;
				TargetAttributes = {
					3F2B085323435AAA004B484C = {
						CreatedOnToolsVersion = 10.3;
					};
				};
			};
			buildConfigurationList = 3F2B084F23435AAA004B484C /* Build configuration list for PBXProject "DentalAssessment" */;
			compatibilityVersion = "Xcode 9.3";
			developmentRegion = en;
			hasScannedForEncodings = 0;
			knownRegions = (
				en,
				Base,
			);
			mainGroup = 3F2B084B23435AAA004B484C;
			productRefGroup = 3F2B085523435AAA004B484C /* Products */;
			projectDirPath = "";
			projectRoot = "";
			targets = (
				3F2B085323435AAA004B484C /* DentalAssessment */,
			);
		};
/* End PBXProject section */

/* Begin PBXResourcesBuildPhase section */
		3F2B085223435AAA004B484C /* Resources */ = {
			isa = PBXResourcesBuildPhase;
			buildActionMask = 2147483647;
			files = (
				3F2B086223435AAC004B484C /* LaunchScreen.storyboard in Resources */,
				3F1A6FDB2348B3FC0029B93D /* GoogleService-Info.plist in Resources */,
				3FB85BE9235F0E9400EC06E7 /* PatientDashboard.storyboard in Resources */,
				3FB85BFB235F216600EC06E7 /* Treatments.storyboard in Resources */,
				3FB85BE7235F0E3500EC06E7 /* Prescriptions.storyboard in Resources */,
				3F2B085F23435AAC004B484C /* Assets.xcassets in Resources */,
				3FB85BED235F119F00EC06E7 /* DepartmentOnePage.storyboard in Resources */,
				3FB85BF5235F1E4400EC06E7 /* PatientAssessment.storyboard in Resources */,
				3F2B085D23435AAB004B484C /* Main.storyboard in Resources */,
				3FB85BF1235F1A1900EC06E7 /* PatientRegistration.storyboard in Resources */,
				3FB85BF9235F201900EC06E7 /* CaseSheet.storyboard in Resources */,
				3FB85BE5235F0DF500EC06E7 /* Appointments.storyboard in Resources */,
				3FB85BEF235F146800EC06E7 /* IncomingPatients.storyboard in Resources */,
				3FB85BF7235F1F2F00EC06E7 /* ReferPatient.storyboard in Resources */,
				3FB85BF3235F1BA700EC06E7 /* DoctorRegistration.storyboard in Resources */,
				3FB85BEB235F107900EC06E7 /* HospitalDashboard.storyboard in Resources */,
			);
			runOnlyForDeploymentPostprocessing = 0;
		};
/* End PBXResourcesBuildPhase section */

/* Begin PBXShellScriptBuildPhase section */
		01D9D8318A3EB2E151CD5422 /* [CP] Check Pods Manifest.lock */ = {
			isa = PBXShellScriptBuildPhase;
			buildActionMask = 2147483647;
			files = (
			);
			inputFileListPaths = (
			);
			inputPaths = (
				"${PODS_PODFILE_DIR_PATH}/Podfile.lock",
				"${PODS_ROOT}/Manifest.lock",
			);
			name = "[CP] Check Pods Manifest.lock";
			outputFileListPaths = (
			);
			outputPaths = (
				"$(DERIVED_FILE_DIR)/Pods-DentalAssessment-checkManifestLockResult.txt",
			);
			runOnlyForDeploymentPostprocessing = 0;
			shellPath = /bin/sh;
			shellScript = "diff \"${PODS_PODFILE_DIR_PATH}/Podfile.lock\" \"${PODS_ROOT}/Manifest.lock\" > /dev/null\nif [ $? != 0 ] ; then\n    # print error to STDERR\n    echo \"error: The sandbox is not in sync with the Podfile.lock. Run 'pod install' or update your CocoaPods installation.\" >&2\n    exit 1\nfi\n# This output is used by Xcode 'outputs' to avoid re-running this script phase.\necho \"SUCCESS\" > \"${SCRIPT_OUTPUT_FILE_0}\"\n";
			showEnvVarsInLog = 0;
		};
		0B8EA5091B75EDE7BD985634 /* [CP] Embed Pods Frameworks */ = {
			isa = PBXShellScriptBuildPhase;
			buildActionMask = 2147483647;
			files = (
			);
			inputFileListPaths = (
				"${PODS_ROOT}/Target Support Files/Pods-DentalAssessment/Pods-DentalAssessment-frameworks-${CONFIGURATION}-input-files.xcfilelist",
			);
			name = "[CP] Embed Pods Frameworks";
			outputFileListPaths = (
				"${PODS_ROOT}/Target Support Files/Pods-DentalAssessment/Pods-DentalAssessment-frameworks-${CONFIGURATION}-output-files.xcfilelist",
			);
			runOnlyForDeploymentPostprocessing = 0;
			shellPath = /bin/sh;
			shellScript = "\"${PODS_ROOT}/Target Support Files/Pods-DentalAssessment/Pods-DentalAssessment-frameworks.sh\"\n";
			showEnvVarsInLog = 0;
		};
/* End PBXShellScriptBuildPhase section */

/* Begin PBXSourcesBuildPhase section */
		3F2B085023435AAA004B484C /* Sources */ = {
			isa = PBXSourcesBuildPhase;
			buildActionMask = 2147483647;
			files = (
				3FCA12CF235F3EB5000AACA0 /* DocumentSerializable.swift in Sources */,
				3FB3EAA2234C9F1000CE1215 /* SoftTissueExamination.swift in Sources */,
				3F2B085A23435AAB004B484C /* ViewController.swift in Sources */,
				3F2B085823435AAB004B484C /* AppDelegate.swift in Sources */,
				3F0725082361C68500699D59 /* CaseSheetViewController.swift in Sources */,
				3FB3EA9A234C9D0300CE1215 /* PersonalHistory.swift in Sources */,
				E9836E342355D1A3004F4523 /* BasicDetailsViewController.swift in Sources */,
				E9836E302351D062004F4523 /* PatientAppointmentViewController.swift in Sources */,
				3FB3EAA4234C9FBE00CE1215 /* GingivaExamination.swift in Sources */,
				3FB3EA9C234C9DB500CE1215 /* GeneralExamination.swift in Sources */,
				E9836E28234CC7E4004F4523 /* WelcomeViewController.swift in Sources */,
				E994C9D52361DDED0037381F /* ReferPatientViewController.swift in Sources */,
				E9836E322355C655004F4523 /* PatientHistoryViewController.swift in Sources */,
				3FB3EA9E234C9E2500CE1215 /* ExtraoralExamination.swift in Sources */,
				3FB3EAA8234CA1C100CE1215 /* HardTissueExamination.swift in Sources */,
				3FB3EA94234C810800CE1215 /* Patient.swift in Sources */,
				3FB3EA98234C902A00CE1215 /* CaseSheet.swift in Sources */,
				3FB3EA96234C8BD000CE1215 /* PatientAppointment.swift in Sources */,
				3FB3EAA0234C9ECF00CE1215 /* IntraoralExamination.swift in Sources */,
				3FB3EAAA234CA4A400CE1215 /* Doctor.swift in Sources */,
				E9836E2A234CC83A004F4523 /* DashboardViewController.swift in Sources */,
			);
			runOnlyForDeploymentPostprocessing = 0;
		};
/* End PBXSourcesBuildPhase section */

/* Begin PBXVariantGroup section */
		3F2B085B23435AAB004B484C /* Main.storyboard */ = {
			isa = PBXVariantGroup;
			children = (
				3F2B085C23435AAB004B484C /* Base */,
			);
			name = Main.storyboard;
			sourceTree = "<group>";
		};
		3F2B086023435AAC004B484C /* LaunchScreen.storyboard */ = {
			isa = PBXVariantGroup;
			children = (
				3F2B086123435AAC004B484C /* Base */,
			);
			name = LaunchScreen.storyboard;
			sourceTree = "<group>";
		};
/* End PBXVariantGroup section */

/* Begin XCBuildConfiguration section */
		3F2B086423435AAC004B484C /* Debug */ = {
			isa = XCBuildConfiguration;
			buildSettings = {
				ALWAYS_SEARCH_USER_PATHS = NO;
				CLANG_ANALYZER_NONNULL = YES;
				CLANG_ANALYZER_NUMBER_OBJECT_CONVERSION = YES_AGGRESSIVE;
				CLANG_CXX_LANGUAGE_STANDARD = "gnu++14";
				CLANG_CXX_LIBRARY = "libc++";
				CLANG_ENABLE_MODULES = YES;
				CLANG_ENABLE_OBJC_ARC = YES;
				CLANG_ENABLE_OBJC_WEAK = YES;
				CLANG_WARN_BLOCK_CAPTURE_AUTORELEASING = YES;
				CLANG_WARN_BOOL_CONVERSION = YES;
				CLANG_WARN_COMMA = YES;
				CLANG_WARN_CONSTANT_CONVERSION = YES;
				CLANG_WARN_DEPRECATED_OBJC_IMPLEMENTATIONS = YES;
				CLANG_WARN_DIRECT_OBJC_ISA_USAGE = YES_ERROR;
				CLANG_WARN_DOCUMENTATION_COMMENTS = YES;
				CLANG_WARN_EMPTY_BODY = YES;
				CLANG_WARN_ENUM_CONVERSION = YES;
				CLANG_WARN_INFINITE_RECURSION = YES;
				CLANG_WARN_INT_CONVERSION = YES;
				CLANG_WARN_NON_LITERAL_NULL_CONVERSION = YES;
				CLANG_WARN_OBJC_IMPLICIT_RETAIN_SELF = YES;
				CLANG_WARN_OBJC_LITERAL_CONVERSION = YES;
				CLANG_WARN_OBJC_ROOT_CLASS = YES_ERROR;
				CLANG_WARN_RANGE_LOOP_ANALYSIS = YES;
				CLANG_WARN_STRICT_PROTOTYPES = YES;
				CLANG_WARN_SUSPICIOUS_MOVE = YES;
				CLANG_WARN_UNGUARDED_AVAILABILITY = YES_AGGRESSIVE;
				CLANG_WARN_UNREACHABLE_CODE = YES;
				CLANG_WARN__DUPLICATE_METHOD_MATCH = YES;
				CODE_SIGN_IDENTITY = "iPhone Developer";
				COPY_PHASE_STRIP = NO;
				DEBUG_INFORMATION_FORMAT = dwarf;
				ENABLE_STRICT_OBJC_MSGSEND = YES;
				ENABLE_TESTABILITY = YES;
				GCC_C_LANGUAGE_STANDARD = gnu11;
				GCC_DYNAMIC_NO_PIC = NO;
				GCC_NO_COMMON_BLOCKS = YES;
				GCC_OPTIMIZATION_LEVEL = 0;
				GCC_PREPROCESSOR_DEFINITIONS = (
					"DEBUG=1",
					"$(inherited)",
				);
				GCC_WARN_64_TO_32_BIT_CONVERSION = YES;
				GCC_WARN_ABOUT_RETURN_TYPE = YES_ERROR;
				GCC_WARN_UNDECLARED_SELECTOR = YES;
				GCC_WARN_UNINITIALIZED_AUTOS = YES_AGGRESSIVE;
				GCC_WARN_UNUSED_FUNCTION = YES;
				GCC_WARN_UNUSED_VARIABLE = YES;
				IPHONEOS_DEPLOYMENT_TARGET = 12.4;
				MTL_ENABLE_DEBUG_INFO = INCLUDE_SOURCE;
				MTL_FAST_MATH = YES;
				ONLY_ACTIVE_ARCH = YES;
				SDKROOT = iphoneos;
				SWIFT_ACTIVE_COMPILATION_CONDITIONS = DEBUG;
				SWIFT_OPTIMIZATION_LEVEL = "-Onone";
			};
			name = Debug;
		};
		3F2B086523435AAC004B484C /* Release */ = {
			isa = XCBuildConfiguration;
			buildSettings = {
				ALWAYS_SEARCH_USER_PATHS = NO;
				CLANG_ANALYZER_NONNULL = YES;
				CLANG_ANALYZER_NUMBER_OBJECT_CONVERSION = YES_AGGRESSIVE;
				CLANG_CXX_LANGUAGE_STANDARD = "gnu++14";
				CLANG_CXX_LIBRARY = "libc++";
				CLANG_ENABLE_MODULES = YES;
				CLANG_ENABLE_OBJC_ARC = YES;
				CLANG_ENABLE_OBJC_WEAK = YES;
				CLANG_WARN_BLOCK_CAPTURE_AUTORELEASING = YES;
				CLANG_WARN_BOOL_CONVERSION = YES;
				CLANG_WARN_COMMA = YES;
				CLANG_WARN_CONSTANT_CONVERSION = YES;
				CLANG_WARN_DEPRECATED_OBJC_IMPLEMENTATIONS = YES;
				CLANG_WARN_DIRECT_OBJC_ISA_USAGE = YES_ERROR;
				CLANG_WARN_DOCUMENTATION_COMMENTS = YES;
				CLANG_WARN_EMPTY_BODY = YES;
				CLANG_WARN_ENUM_CONVERSION = YES;
				CLANG_WARN_INFINITE_RECURSION = YES;
				CLANG_WARN_INT_CONVERSION = YES;
				CLANG_WARN_NON_LITERAL_NULL_CONVERSION = YES;
				CLANG_WARN_OBJC_IMPLICIT_RETAIN_SELF = YES;
				CLANG_WARN_OBJC_LITERAL_CONVERSION = YES;
				CLANG_WARN_OBJC_ROOT_CLASS = YES_ERROR;
				CLANG_WARN_RANGE_LOOP_ANALYSIS = YES;
				CLANG_WARN_STRICT_PROTOTYPES = YES;
				CLANG_WARN_SUSPICIOUS_MOVE = YES;
				CLANG_WARN_UNGUARDED_AVAILABILITY = YES_AGGRESSIVE;
				CLANG_WARN_UNREACHABLE_CODE = YES;
				CLANG_WARN__DUPLICATE_METHOD_MATCH = YES;
				CODE_SIGN_IDENTITY = "iPhone Developer";
				COPY_PHASE_STRIP = NO;
				DEBUG_INFORMATION_FORMAT = "dwarf-with-dsym";
				ENABLE_NS_ASSERTIONS = NO;
				ENABLE_STRICT_OBJC_MSGSEND = YES;
				GCC_C_LANGUAGE_STANDARD = gnu11;
				GCC_NO_COMMON_BLOCKS = YES;
				GCC_WARN_64_TO_32_BIT_CONVERSION = YES;
				GCC_WARN_ABOUT_RETURN_TYPE = YES_ERROR;
				GCC_WARN_UNDECLARED_SELECTOR = YES;
				GCC_WARN_UNINITIALIZED_AUTOS = YES_AGGRESSIVE;
				GCC_WARN_UNUSED_FUNCTION = YES;
				GCC_WARN_UNUSED_VARIABLE = YES;
				IPHONEOS_DEPLOYMENT_TARGET = 12.4;
				MTL_ENABLE_DEBUG_INFO = NO;
				MTL_FAST_MATH = YES;
				SDKROOT = iphoneos;
				SWIFT_COMPILATION_MODE = wholemodule;
				SWIFT_OPTIMIZATION_LEVEL = "-O";
				VALIDATE_PRODUCT = YES;
			};
			name = Release;
		};
		3F2B086723435AAC004B484C /* Debug */ = {
			isa = XCBuildConfiguration;
			baseConfigurationReference = D9B95394EB6FCDEE609DA7DD /* Pods-DentalAssessment.debug.xcconfig */;
			buildSettings = {
				ASSETCATALOG_COMPILER_APPICON_NAME = AppIcon;
				CODE_SIGN_STYLE = Automatic;
				INFOPLIST_FILE = DentalAssessment/Info.plist;
				LD_RUNPATH_SEARCH_PATHS = (
					"$(inherited)",
					"@executable_path/Frameworks",
				);
				PRODUCT_BUNDLE_IDENTIFIER = Kick.DentalAssessment;
				PRODUCT_NAME = "$(TARGET_NAME)";
				SWIFT_VERSION = 5.0;
				TARGETED_DEVICE_FAMILY = "1,2";
			};
			name = Debug;
		};
		3F2B086823435AAC004B484C /* Release */ = {
			isa = XCBuildConfiguration;
			baseConfigurationReference = C7027E104CFF31494D333DF3 /* Pods-DentalAssessment.release.xcconfig */;
			buildSettings = {
				ASSETCATALOG_COMPILER_APPICON_NAME = AppIcon;
				CODE_SIGN_STYLE = Automatic;
				INFOPLIST_FILE = DentalAssessment/Info.plist;
				LD_RUNPATH_SEARCH_PATHS = (
					"$(inherited)",
					"@executable_path/Frameworks",
				);
				PRODUCT_BUNDLE_IDENTIFIER = Kick.DentalAssessment;
				PRODUCT_NAME = "$(TARGET_NAME)";
				SWIFT_VERSION = 5.0;
				TARGETED_DEVICE_FAMILY = "1,2";
			};
			name = Release;
		};
/* End XCBuildConfiguration section */

/* Begin XCConfigurationList section */
		3F2B084F23435AAA004B484C /* Build configuration list for PBXProject "DentalAssessment" */ = {
			isa = XCConfigurationList;
			buildConfigurations = (
				3F2B086423435AAC004B484C /* Debug */,
				3F2B086523435AAC004B484C /* Release */,
			);
			defaultConfigurationIsVisible = 0;
			defaultConfigurationName = Release;
		};
		3F2B086623435AAC004B484C /* Build configuration list for PBXNativeTarget "DentalAssessment" */ = {
			isa = XCConfigurationList;
			buildConfigurations = (
				3F2B086723435AAC004B484C /* Debug */,
				3F2B086823435AAC004B484C /* Release */,
			);
			defaultConfigurationIsVisible = 0;
			defaultConfigurationName = Release;
		};
/* End XCConfigurationList section */
	};
	rootObject = 3F2B084C23435AAA004B484C /* Project object */;
}
